
Microsoft Visual Studio Solution File, Format Version 12.00
# Visual Studio Version 17
VisualStudioVersion = 17.6.33723.286
MinimumVisualStudioVersion = 10.0.40219.1
Project("{FAE04EC0-301F-11D3-BF4B-00C04F79EFBC}") = "QBOXeroMicroServices", "QBOXeroMicroServices\QBOXeroMicroServices.csproj", "{F56CBFCF-5F8F-4D7C-B5DA-545354A7A3DA}"
EndProject
Global
	GlobalSection(SolutionConfigurationPlatforms) = preSolution
		Debug|Any CPU = Debug|Any CPU
		Release|Any CPU = Release|Any CPU
	EndGlobalSection
	GlobalSection(ProjectConfigurationPlatforms) = postSolution
		{F56CBFCF-5F8F-4D7C-B5DA-545354A7A3DA}.Debug|Any CPU.ActiveCfg = Debug|Any CPU
		{F56CBFCF-5F8F-4D7C-B5DA-545354A7A3DA}.Debug|Any CPU.Build.0 = Debug|Any CPU
		{F56CBFCF-5F8F-4D7C-B5DA-545354A7A3DA}.Release|Any CPU.ActiveCfg = Release|Any CPU
		{F56CBFCF-5F8F-4D7C-B5DA-545354A7A3DA}.Release|Any CPU.Build.0 = Release|Any CPU
	EndGlobalSection
	GlobalSection(SolutionProperties) = preSolution
		HideSolutionNode = FALSE
	EndGlobalSection
	GlobalSection(ExtensibilityGlobals) = postSolution
		SolutionGuid = {45F568BB-4B81-410C-A09A-BBD4B2902B09}
	EndGlobalSection
EndGlobal
