
Microsoft Visual Studio Solution File, Format Version 12.00
# Visual Studio Version 17
VisualStudioVersion = 17.6.33723.286
MinimumVisualStudioVersion = 10.0.40219.1
Project("{9A19103F-16F7-4668-BE54-9A1E7A4F7556}") = "QBOXeroMicroServices", "QBOXeroMicroServices\QBOXeroMicroServices.csproj", "{F56CBFCF-5F8F-4D7C-B5DA-545354A7A3DA}"
EndProject
Project("{2150E333-8FDC-42A3-9474-1A3956D46DE8}") = "MicroServices", "MicroServices", "{ADCE9E8B-8C6A-49D6-AB85-C36321C7F5FC}"
EndProject
Project("{9A19103F-16F7-4668-BE54-9A1E7A4F7556}") = "BusinessAccessLayer", "BusinessAccessLayer\BusinessAccessLayer.csproj", "{EA98D62F-EFCA-4D0C-9D12-E45557058BDC}"
EndProject
Project("{9A19103F-16F7-4668-BE54-9A1E7A4F7556}") = "QBOCore", "QBOCore\QBOCore.csproj", "{31282D39-CF71-4963-BEDA-A22A9C2590B2}"
EndProject
Project("{9A19103F-16F7-4668-BE54-9A1E7A4F7556}") = "DataAccessLayer", "DataAccessLayer\DataAccessLayer.csproj", "{6BAD2328-5522-4EC8-85D4-157C766AF51D}"
EndProject
Project("{9A19103F-16F7-4668-BE54-9A1E7A4F7556}") = "GetQBOCustomers", "GetQBOCustomers\GetQBOCustomers.csproj", "{859E8A56-B040-4AA9-9A51-FAB411D926B7}"
EndProject
Project("{9A19103F-16F7-4668-BE54-9A1E7A4F7556}") = "DeleteQBOCustomer", "DeleteQBOCustomer\DeleteQBOCustomer.csproj", "{28C9799A-2FDD-4B4D-8E1E-5B455405A2C1}"
EndProject
Project("{9A19103F-16F7-4668-BE54-9A1E7A4F7556}") = "InsertUpdateQBOCustomer", "InsertUpdateQBOCustomer\InsertUpdateQBOCustomer.csproj", "{5D777CDF-9159-4649-A20B-A65CDF1B4E4B}"
EndProject
Project("{9A19103F-16F7-4668-BE54-9A1E7A4F7556}") = "GetQBOInvoices", "GetQBOInvoice\GetQBOInvoices.csproj", "{2D56A8EB-F679-4DAD-95B9-990FF626B8D1}"
EndProject
Project("{9A19103F-16F7-4668-BE54-9A1E7A4F7556}") = "DeleteQBOInvoice", "DeleteQBOInvoice\DeleteQBOInvoice.csproj", "{9A7AA485-39B8-4DC8-8BA1-7D6BCBA6B3A6}"
EndProject
Project("{9A19103F-16F7-4668-BE54-9A1E7A4F7556}") = "InsertUpdateQBOInvoice", "InsertUpdateQBOInvoice\InsertUpdateQBOInvoice.csproj", "{AF0DD2D8-7D5E-461B-928D-E65EFDB889F5}"
EndProject
Project("{9A19103F-16F7-4668-BE54-9A1E7A4F7556}") = "GetQBOPayments", "GetQBOPayments\GetQBOPayments.csproj", "{2A6A49BE-633A-4963-8115-3C18F33CE57D}"
EndProject
Project("{9A19103F-16F7-4668-BE54-9A1E7A4F7556}") = "DeleteQBOPayment", "DeleteQBOPayment\DeleteQBOPayment.csproj", "{590E9174-C55A-47E9-8159-139065B011A6}"
EndProject
Project("{9A19103F-16F7-4668-BE54-9A1E7A4F7556}") = "InsertUpdateQBOPayment", "InsertUpdateQBOPayment\InsertUpdateQBOPayment.csproj", "{A0A6D8F6-9B96-441B-A999-37FA52C51A23}"
EndProject
Project("{9A19103F-16F7-4668-BE54-9A1E7A4F7556}") = "XeroCore", "XeroCore\XeroCore.csproj", "{877F0011-CD3F-4DFC-A751-B5C3C760ABA5}"
EndProject
Project("{9A19103F-16F7-4668-BE54-9A1E7A4F7556}") = "GetXeroCustomer", "GetXeroCustomer\GetXeroCustomer.csproj", "{7BB4F923-FBFC-468B-B9A3-A151A582F55C}"
EndProject
Project("{9A19103F-16F7-4668-BE54-9A1E7A4F7556}") = "InsertUpdateXeroCustomer", "InsertUpdateXeroCustomer\InsertUpdateXeroCustomer.csproj", "{74499CDC-7756-4886-9DD1-FC677B268BE0}"
EndProject
Project("{9A19103F-16F7-4668-BE54-9A1E7A4F7556}") = "DeleteXeroCustomer", "DeleteXeroCustomer\DeleteXeroCustomer.csproj", "{E82853FD-6FE2-4AA0-837B-9BD5B6236FA1}"
EndProject
Project("{9A19103F-16F7-4668-BE54-9A1E7A4F7556}") = "GetXeroInvoices", "GetXeroInvoices\GetXeroInvoices.csproj", "{B3CB2E2A-0A5D-45E8-8D0B-C1EA0EBB1396}"
EndProject
Project("{9A19103F-16F7-4668-BE54-9A1E7A4F7556}") = "InsertUpdateXeroInvoice", "InsertUpdateXeroInvoice\InsertUpdateXeroInvoice.csproj", "{4A1FFCC2-A28B-4778-BFE2-DEDB964DC959}"
EndProject
Project("{9A19103F-16F7-4668-BE54-9A1E7A4F7556}") = "DeleteXeroInvoice", "DeleteXeroInvoice\DeleteXeroInvoice.csproj", "{13324EBB-C2ED-470F-8498-80245D4EB6E2}"
EndProject
Project("{FAE04EC0-301F-11D3-BF4B-00C04F79EFBC}") = "GetXeroPayment", "GetXeroPayment\GetXeroPayment.csproj", "{E3BAA5B9-C512-40AF-853B-4D5F9C37F1AE}"
EndProject
Project("{FAE04EC0-301F-11D3-BF4B-00C04F79EFBC}") = "DeleteXeroPayment", "DeleteXeroPayment\DeleteXeroPayment.csproj", "{1D3CFBEC-5E37-4081-B3AA-106386DB1181}"
EndProject
Project("{FAE04EC0-301F-11D3-BF4B-00C04F79EFBC}") = "InsertUpdateXeroPayment", "InsertUpdateXeroPayment\InsertUpdateXeroPayment.csproj", "{510258D7-0D26-403F-8ED1-6D2200F4432F}"
EndProject
Global
	GlobalSection(SolutionConfigurationPlatforms) = preSolution
		Debug|Any CPU = Debug|Any CPU
		Release|Any CPU = Release|Any CPU
	EndGlobalSection
	GlobalSection(ProjectConfigurationPlatforms) = postSolution
		{F56CBFCF-5F8F-4D7C-B5DA-545354A7A3DA}.Debug|Any CPU.ActiveCfg = Debug|Any CPU
		{F56CBFCF-5F8F-4D7C-B5DA-545354A7A3DA}.Debug|Any CPU.Build.0 = Debug|Any CPU
		{F56CBFCF-5F8F-4D7C-B5DA-545354A7A3DA}.Release|Any CPU.ActiveCfg = Release|Any CPU
		{F56CBFCF-5F8F-4D7C-B5DA-545354A7A3DA}.Release|Any CPU.Build.0 = Release|Any CPU
		{EA98D62F-EFCA-4D0C-9D12-E45557058BDC}.Debug|Any CPU.ActiveCfg = Debug|Any CPU
		{EA98D62F-EFCA-4D0C-9D12-E45557058BDC}.Debug|Any CPU.Build.0 = Debug|Any CPU
		{EA98D62F-EFCA-4D0C-9D12-E45557058BDC}.Release|Any CPU.ActiveCfg = Release|Any CPU
		{EA98D62F-EFCA-4D0C-9D12-E45557058BDC}.Release|Any CPU.Build.0 = Release|Any CPU
		{31282D39-CF71-4963-BEDA-A22A9C2590B2}.Debug|Any CPU.ActiveCfg = Debug|Any CPU
		{31282D39-CF71-4963-BEDA-A22A9C2590B2}.Debug|Any CPU.Build.0 = Debug|Any CPU
		{31282D39-CF71-4963-BEDA-A22A9C2590B2}.Release|Any CPU.ActiveCfg = Release|Any CPU
		{31282D39-CF71-4963-BEDA-A22A9C2590B2}.Release|Any CPU.Build.0 = Release|Any CPU
		{6BAD2328-5522-4EC8-85D4-157C766AF51D}.Debug|Any CPU.ActiveCfg = Debug|Any CPU
		{6BAD2328-5522-4EC8-85D4-157C766AF51D}.Debug|Any CPU.Build.0 = Debug|Any CPU
		{6BAD2328-5522-4EC8-85D4-157C766AF51D}.Release|Any CPU.ActiveCfg = Release|Any CPU
		{6BAD2328-5522-4EC8-85D4-157C766AF51D}.Release|Any CPU.Build.0 = Release|Any CPU
		{859E8A56-B040-4AA9-9A51-FAB411D926B7}.Debug|Any CPU.ActiveCfg = Debug|Any CPU
		{859E8A56-B040-4AA9-9A51-FAB411D926B7}.Debug|Any CPU.Build.0 = Debug|Any CPU
		{859E8A56-B040-4AA9-9A51-FAB411D926B7}.Release|Any CPU.ActiveCfg = Release|Any CPU
		{859E8A56-B040-4AA9-9A51-FAB411D926B7}.Release|Any CPU.Build.0 = Release|Any CPU
		{28C9799A-2FDD-4B4D-8E1E-5B455405A2C1}.Debug|Any CPU.ActiveCfg = Debug|Any CPU
		{28C9799A-2FDD-4B4D-8E1E-5B455405A2C1}.Debug|Any CPU.Build.0 = Debug|Any CPU
		{28C9799A-2FDD-4B4D-8E1E-5B455405A2C1}.Release|Any CPU.ActiveCfg = Release|Any CPU
		{28C9799A-2FDD-4B4D-8E1E-5B455405A2C1}.Release|Any CPU.Build.0 = Release|Any CPU
		{5D777CDF-9159-4649-A20B-A65CDF1B4E4B}.Debug|Any CPU.ActiveCfg = Debug|Any CPU
		{5D777CDF-9159-4649-A20B-A65CDF1B4E4B}.Debug|Any CPU.Build.0 = Debug|Any CPU
		{5D777CDF-9159-4649-A20B-A65CDF1B4E4B}.Release|Any CPU.ActiveCfg = Release|Any CPU
		{5D777CDF-9159-4649-A20B-A65CDF1B4E4B}.Release|Any CPU.Build.0 = Release|Any CPU
		{2D56A8EB-F679-4DAD-95B9-990FF626B8D1}.Debug|Any CPU.ActiveCfg = Debug|Any CPU
		{2D56A8EB-F679-4DAD-95B9-990FF626B8D1}.Debug|Any CPU.Build.0 = Debug|Any CPU
		{2D56A8EB-F679-4DAD-95B9-990FF626B8D1}.Release|Any CPU.ActiveCfg = Release|Any CPU
		{2D56A8EB-F679-4DAD-95B9-990FF626B8D1}.Release|Any CPU.Build.0 = Release|Any CPU
		{9A7AA485-39B8-4DC8-8BA1-7D6BCBA6B3A6}.Debug|Any CPU.ActiveCfg = Debug|Any CPU
		{9A7AA485-39B8-4DC8-8BA1-7D6BCBA6B3A6}.Debug|Any CPU.Build.0 = Debug|Any CPU
		{9A7AA485-39B8-4DC8-8BA1-7D6BCBA6B3A6}.Release|Any CPU.ActiveCfg = Release|Any CPU
		{9A7AA485-39B8-4DC8-8BA1-7D6BCBA6B3A6}.Release|Any CPU.Build.0 = Release|Any CPU
		{AF0DD2D8-7D5E-461B-928D-E65EFDB889F5}.Debug|Any CPU.ActiveCfg = Debug|Any CPU
		{AF0DD2D8-7D5E-461B-928D-E65EFDB889F5}.Debug|Any CPU.Build.0 = Debug|Any CPU
		{AF0DD2D8-7D5E-461B-928D-E65EFDB889F5}.Release|Any CPU.ActiveCfg = Release|Any CPU
		{AF0DD2D8-7D5E-461B-928D-E65EFDB889F5}.Release|Any CPU.Build.0 = Release|Any CPU
		{2A6A49BE-633A-4963-8115-3C18F33CE57D}.Debug|Any CPU.ActiveCfg = Debug|Any CPU
		{2A6A49BE-633A-4963-8115-3C18F33CE57D}.Debug|Any CPU.Build.0 = Debug|Any CPU
		{2A6A49BE-633A-4963-8115-3C18F33CE57D}.Release|Any CPU.ActiveCfg = Release|Any CPU
		{2A6A49BE-633A-4963-8115-3C18F33CE57D}.Release|Any CPU.Build.0 = Release|Any CPU
		{590E9174-C55A-47E9-8159-139065B011A6}.Debug|Any CPU.ActiveCfg = Debug|Any CPU
		{590E9174-C55A-47E9-8159-139065B011A6}.Debug|Any CPU.Build.0 = Debug|Any CPU
		{590E9174-C55A-47E9-8159-139065B011A6}.Release|Any CPU.ActiveCfg = Release|Any CPU
		{590E9174-C55A-47E9-8159-139065B011A6}.Release|Any CPU.Build.0 = Release|Any CPU
		{A0A6D8F6-9B96-441B-A999-37FA52C51A23}.Debug|Any CPU.ActiveCfg = Debug|Any CPU
		{A0A6D8F6-9B96-441B-A999-37FA52C51A23}.Debug|Any CPU.Build.0 = Debug|Any CPU
		{A0A6D8F6-9B96-441B-A999-37FA52C51A23}.Release|Any CPU.ActiveCfg = Release|Any CPU
		{A0A6D8F6-9B96-441B-A999-37FA52C51A23}.Release|Any CPU.Build.0 = Release|Any CPU
		{877F0011-CD3F-4DFC-A751-B5C3C760ABA5}.Debug|Any CPU.ActiveCfg = Debug|Any CPU
		{877F0011-CD3F-4DFC-A751-B5C3C760ABA5}.Debug|Any CPU.Build.0 = Debug|Any CPU
		{877F0011-CD3F-4DFC-A751-B5C3C760ABA5}.Release|Any CPU.ActiveCfg = Release|Any CPU
		{877F0011-CD3F-4DFC-A751-B5C3C760ABA5}.Release|Any CPU.Build.0 = Release|Any CPU
		{7BB4F923-FBFC-468B-B9A3-A151A582F55C}.Debug|Any CPU.ActiveCfg = Debug|Any CPU
		{7BB4F923-FBFC-468B-B9A3-A151A582F55C}.Debug|Any CPU.Build.0 = Debug|Any CPU
		{7BB4F923-FBFC-468B-B9A3-A151A582F55C}.Release|Any CPU.ActiveCfg = Release|Any CPU
		{7BB4F923-FBFC-468B-B9A3-A151A582F55C}.Release|Any CPU.Build.0 = Release|Any CPU
		{74499CDC-7756-4886-9DD1-FC677B268BE0}.Debug|Any CPU.ActiveCfg = Debug|Any CPU
		{74499CDC-7756-4886-9DD1-FC677B268BE0}.Debug|Any CPU.Build.0 = Debug|Any CPU
		{74499CDC-7756-4886-9DD1-FC677B268BE0}.Release|Any CPU.ActiveCfg = Release|Any CPU
		{74499CDC-7756-4886-9DD1-FC677B268BE0}.Release|Any CPU.Build.0 = Release|Any CPU
		{E82853FD-6FE2-4AA0-837B-9BD5B6236FA1}.Debug|Any CPU.ActiveCfg = Debug|Any CPU
		{E82853FD-6FE2-4AA0-837B-9BD5B6236FA1}.Debug|Any CPU.Build.0 = Debug|Any CPU
		{E82853FD-6FE2-4AA0-837B-9BD5B6236FA1}.Release|Any CPU.ActiveCfg = Release|Any CPU
		{E82853FD-6FE2-4AA0-837B-9BD5B6236FA1}.Release|Any CPU.Build.0 = Release|Any CPU
		{B3CB2E2A-0A5D-45E8-8D0B-C1EA0EBB1396}.Debug|Any CPU.ActiveCfg = Debug|Any CPU
		{B3CB2E2A-0A5D-45E8-8D0B-C1EA0EBB1396}.Debug|Any CPU.Build.0 = Debug|Any CPU
		{B3CB2E2A-0A5D-45E8-8D0B-C1EA0EBB1396}.Release|Any CPU.ActiveCfg = Release|Any CPU
		{B3CB2E2A-0A5D-45E8-8D0B-C1EA0EBB1396}.Release|Any CPU.Build.0 = Release|Any CPU
		{4A1FFCC2-A28B-4778-BFE2-DEDB964DC959}.Debug|Any CPU.ActiveCfg = Debug|Any CPU
		{4A1FFCC2-A28B-4778-BFE2-DEDB964DC959}.Debug|Any CPU.Build.0 = Debug|Any CPU
		{4A1FFCC2-A28B-4778-BFE2-DEDB964DC959}.Release|Any CPU.ActiveCfg = Release|Any CPU
		{4A1FFCC2-A28B-4778-BFE2-DEDB964DC959}.Release|Any CPU.Build.0 = Release|Any CPU
		{13324EBB-C2ED-470F-8498-80245D4EB6E2}.Debug|Any CPU.ActiveCfg = Debug|Any CPU
		{13324EBB-C2ED-470F-8498-80245D4EB6E2}.Debug|Any CPU.Build.0 = Debug|Any CPU
		{13324EBB-C2ED-470F-8498-80245D4EB6E2}.Release|Any CPU.ActiveCfg = Release|Any CPU
		{13324EBB-C2ED-470F-8498-80245D4EB6E2}.Release|Any CPU.Build.0 = Release|Any CPU
		{E3BAA5B9-C512-40AF-853B-4D5F9C37F1AE}.Debug|Any CPU.ActiveCfg = Debug|Any CPU
		{E3BAA5B9-C512-40AF-853B-4D5F9C37F1AE}.Debug|Any CPU.Build.0 = Debug|Any CPU
		{E3BAA5B9-C512-40AF-853B-4D5F9C37F1AE}.Release|Any CPU.ActiveCfg = Release|Any CPU
		{E3BAA5B9-C512-40AF-853B-4D5F9C37F1AE}.Release|Any CPU.Build.0 = Release|Any CPU
		{1D3CFBEC-5E37-4081-B3AA-106386DB1181}.Debug|Any CPU.ActiveCfg = Debug|Any CPU
		{1D3CFBEC-5E37-4081-B3AA-106386DB1181}.Debug|Any CPU.Build.0 = Debug|Any CPU
		{1D3CFBEC-5E37-4081-B3AA-106386DB1181}.Release|Any CPU.ActiveCfg = Release|Any CPU
		{1D3CFBEC-5E37-4081-B3AA-106386DB1181}.Release|Any CPU.Build.0 = Release|Any CPU
		{510258D7-0D26-403F-8ED1-6D2200F4432F}.Debug|Any CPU.ActiveCfg = Debug|Any CPU
		{510258D7-0D26-403F-8ED1-6D2200F4432F}.Debug|Any CPU.Build.0 = Debug|Any CPU
		{510258D7-0D26-403F-8ED1-6D2200F4432F}.Release|Any CPU.ActiveCfg = Release|Any CPU
		{510258D7-0D26-403F-8ED1-6D2200F4432F}.Release|Any CPU.Build.0 = Release|Any CPU
	EndGlobalSection
	GlobalSection(SolutionProperties) = preSolution
		HideSolutionNode = FALSE
	EndGlobalSection
	GlobalSection(NestedProjects) = preSolution
		{859E8A56-B040-4AA9-9A51-FAB411D926B7} = {ADCE9E8B-8C6A-49D6-AB85-C36321C7F5FC}
		{28C9799A-2FDD-4B4D-8E1E-5B455405A2C1} = {ADCE9E8B-8C6A-49D6-AB85-C36321C7F5FC}
		{5D777CDF-9159-4649-A20B-A65CDF1B4E4B} = {ADCE9E8B-8C6A-49D6-AB85-C36321C7F5FC}
		{2D56A8EB-F679-4DAD-95B9-990FF626B8D1} = {ADCE9E8B-8C6A-49D6-AB85-C36321C7F5FC}
		{9A7AA485-39B8-4DC8-8BA1-7D6BCBA6B3A6} = {ADCE9E8B-8C6A-49D6-AB85-C36321C7F5FC}
		{AF0DD2D8-7D5E-461B-928D-E65EFDB889F5} = {ADCE9E8B-8C6A-49D6-AB85-C36321C7F5FC}
		{2A6A49BE-633A-4963-8115-3C18F33CE57D} = {ADCE9E8B-8C6A-49D6-AB85-C36321C7F5FC}
		{590E9174-C55A-47E9-8159-139065B011A6} = {ADCE9E8B-8C6A-49D6-AB85-C36321C7F5FC}
		{A0A6D8F6-9B96-441B-A999-37FA52C51A23} = {ADCE9E8B-8C6A-49D6-AB85-C36321C7F5FC}
		{7BB4F923-FBFC-468B-B9A3-A151A582F55C} = {ADCE9E8B-8C6A-49D6-AB85-C36321C7F5FC}
		{74499CDC-7756-4886-9DD1-FC677B268BE0} = {ADCE9E8B-8C6A-49D6-AB85-C36321C7F5FC}
		{E82853FD-6FE2-4AA0-837B-9BD5B6236FA1} = {ADCE9E8B-8C6A-49D6-AB85-C36321C7F5FC}
		{B3CB2E2A-0A5D-45E8-8D0B-C1EA0EBB1396} = {ADCE9E8B-8C6A-49D6-AB85-C36321C7F5FC}
		{4A1FFCC2-A28B-4778-BFE2-DEDB964DC959} = {ADCE9E8B-8C6A-49D6-AB85-C36321C7F5FC}
		{13324EBB-C2ED-470F-8498-80245D4EB6E2} = {ADCE9E8B-8C6A-49D6-AB85-C36321C7F5FC}
		{E3BAA5B9-C512-40AF-853B-4D5F9C37F1AE} = {ADCE9E8B-8C6A-49D6-AB85-C36321C7F5FC}
		{1D3CFBEC-5E37-4081-B3AA-106386DB1181} = {ADCE9E8B-8C6A-49D6-AB85-C36321C7F5FC}
		{510258D7-0D26-403F-8ED1-6D2200F4432F} = {ADCE9E8B-8C6A-49D6-AB85-C36321C7F5FC}
	EndGlobalSection
	GlobalSection(ExtensibilityGlobals) = postSolution
		SolutionGuid = {45F568BB-4B81-410C-A09A-BBD4B2902B09}
	EndGlobalSection
EndGlobal
