
Microsoft Visual Studio Solution File, Format Version 12.00
# Visual Studio Version 17
VisualStudioVersion = 17.6.33723.286
MinimumVisualStudioVersion = 10.0.40219.1
Project("{2150E333-8FDC-42A3-9474-1A3956D46DE8}") = "MicroServices", "MicroServices", "{EC602AFA-BD12-4D75-840B-80DFBACC4D22}"
EndProject
Project("{FAE04EC0-301F-11D3-BF4B-00C04F79EFBC}") = "QBOInvoiceMicroService", "QBOInvoiceMicroService\QBOInvoiceMicroService.csproj", "{7366FD2E-EDAF-4340-B628-528C7E1777DF}"
EndProject
Project("{FAE04EC0-301F-11D3-BF4B-00C04F79EFBC}") = "QBOCore", "QBOCore\QBOCore.csproj", "{454D0A23-4163-447E-B6CE-871C1B4CAB7D}"
EndProject
Global
	GlobalSection(SolutionConfigurationPlatforms) = preSolution
		Debug|Any CPU = Debug|Any CPU
		Release|Any CPU = Release|Any CPU
	EndGlobalSection
	GlobalSection(ProjectConfigurationPlatforms) = postSolution
		{7366FD2E-EDAF-4340-B628-528C7E1777DF}.Debug|Any CPU.ActiveCfg = Debug|Any CPU
		{7366FD2E-EDAF-4340-B628-528C7E1777DF}.Debug|Any CPU.Build.0 = Debug|Any CPU
		{7366FD2E-EDAF-4340-B628-528C7E1777DF}.Release|Any CPU.ActiveCfg = Release|Any CPU
		{7366FD2E-EDAF-4340-B628-528C7E1777DF}.Release|Any CPU.Build.0 = Release|Any CPU
		{454D0A23-4163-447E-B6CE-871C1B4CAB7D}.Debug|Any CPU.ActiveCfg = Debug|Any CPU
		{454D0A23-4163-447E-B6CE-871C1B4CAB7D}.Debug|Any CPU.Build.0 = Debug|Any CPU
		{454D0A23-4163-447E-B6CE-871C1B4CAB7D}.Release|Any CPU.ActiveCfg = Release|Any CPU
		{454D0A23-4163-447E-B6CE-871C1B4CAB7D}.Release|Any CPU.Build.0 = Release|Any CPU
	EndGlobalSection
	GlobalSection(SolutionProperties) = preSolution
		HideSolutionNode = FALSE
	EndGlobalSection
	GlobalSection(NestedProjects) = preSolution
		{7366FD2E-EDAF-4340-B628-528C7E1777DF} = {EC602AFA-BD12-4D75-840B-80DFBACC4D22}
	EndGlobalSection
	GlobalSection(ExtensibilityGlobals) = postSolution
		SolutionGuid = {64E0A651-2CC9-4B7B-B08E-F1BFB7BB96E6}
	EndGlobalSection
EndGlobal
